version = 1
requires-python = ">=3.12.0, <3.13"

[[package]]
name = "faiss-gpu-wheels"
version = "1.0.0"
source = { virtual = "." }

[package.dev-dependencies]
dev = [
    { name = "ruff" },
    { name = "taplo" },
    { name = "typos" },
]
format = [
    { name = "taplo" },
]
lint = [
    { name = "ruff" },
]
typo = [
    { name = "typos" },
]

[package.metadata]

[package.metadata.requires-dev]
dev = [
    { name = "ruff", specifier = ">=0.7.4" },
    { name = "taplo", specifier = ">=0.9.3" },
    { name = "typos", specifier = ">=1.27.3" },
]
format = [{ name = "taplo", specifier = ">=0.9.3" }]
lint = [{ name = "ruff", specifier = ">=0.7.4" }]
typo = [{ name = "typos", specifier = ">=1.27.3" }]

[[package]]
name = "ruff"
version = "0.8.0"
source = { registry = "https://pypi.org/simple" }
sdist = { url = "https://files.pythonhosted.org/packages/b2/d6/a2373f3ba7180ddb44420d2a9d1f1510e1a4d162b3d27282bedcb09c8da9/ruff-0.8.0.tar.gz", hash = "sha256:a7ccfe6331bf8c8dad715753e157457faf7351c2b69f62f32c165c2dbcbacd44", size = 3276537 }
wheels = [
    { url = "https://files.pythonhosted.org/packages/ec/77/e889ee3ce7fd8baa3ed1b77a03b9fb8ec1be68be1418261522fd6a5405e0/ruff-0.8.0-py3-none-linux_armv6l.whl", hash = "sha256:fcb1bf2cc6706adae9d79c8d86478677e3bbd4ced796ccad106fd4776d395fea", size = 10518283 },
    { url = "https://files.pythonhosted.org/packages/da/c8/0a47de01edf19fb22f5f9b7964f46a68d0bdff20144d134556ffd1ba9154/ruff-0.8.0-py3-none-macosx_10_12_x86_64.whl", hash = "sha256:295bb4c02d58ff2ef4378a1870c20af30723013f441c9d1637a008baaf928c8b", size = 10317691 },
    { url = "https://files.pythonhosted.org/packages/41/17/9885e4a0eeae07abd2a4ebabc3246f556719f24efa477ba2739146c4635a/ruff-0.8.0-py3-none-macosx_11_0_arm64.whl", hash = "sha256:7b1f1c76b47c18fa92ee78b60d2d20d7e866c55ee603e7d19c1e991fad933a9a", size = 9940999 },
    { url = "https://files.pythonhosted.org/packages/3e/cd/46b6f7043597eb318b5f5482c8ae8f5491cccce771e85f59d23106f2d179/ruff-0.8.0-py3-none-manylinux_2_17_aarch64.manylinux2014_aarch64.whl", hash = "sha256:eb0d4f250a7711b67ad513fde67e8870109e5ce590a801c3722580fe98c33a99", size = 10772437 },
    { url = "https://files.pythonhosted.org/packages/5d/87/afc95aeb8bc78b1d8a3461717a4419c05aa8aa943d4c9cbd441630f85584/ruff-0.8.0-py3-none-manylinux_2_17_armv7l.manylinux2014_armv7l.whl", hash = "sha256:0e55cce9aa93c5d0d4e3937e47b169035c7e91c8655b0974e61bb79cf398d49c", size = 10299156 },
    { url = "https://files.pythonhosted.org/packages/65/fa/04c647bb809c4d65e8eae1ed1c654d9481b21dd942e743cd33511687b9f9/ruff-0.8.0-py3-none-manylinux_2_17_i686.manylinux2014_i686.whl", hash = "sha256:3f4cd64916d8e732ce6b87f3f5296a8942d285bbbc161acee7fe561134af64f9", size = 11325819 },
    { url = "https://files.pythonhosted.org/packages/90/26/7dad6e7d833d391a8a1afe4ee70ca6f36c4a297d3cca83ef10e83e9aacf3/ruff-0.8.0-py3-none-manylinux_2_17_ppc64.manylinux2014_ppc64.whl", hash = "sha256:c5c1466be2a2ebdf7c5450dd5d980cc87c8ba6976fb82582fea18823da6fa362", size = 12023927 },
    { url = "https://files.pythonhosted.org/packages/24/a0/be5296dda6428ba8a13bda8d09fbc0e14c810b485478733886e61597ae2b/ruff-0.8.0-py3-none-manylinux_2_17_ppc64le.manylinux2014_ppc64le.whl", hash = "sha256:2dabfd05b96b7b8f2da00d53c514eea842bff83e41e1cceb08ae1966254a51df", size = 11589702 },
    { url = "https://files.pythonhosted.org/packages/26/3f/7602eb11d2886db545834182a9dbe500b8211fcbc9b4064bf9d358bbbbb4/ruff-0.8.0-py3-none-manylinux_2_17_s390x.manylinux2014_s390x.whl", hash = "sha256:facebdfe5a5af6b1588a1d26d170635ead6892d0e314477e80256ef4a8470cf3", size = 12782936 },
    { url = "https://files.pythonhosted.org/packages/4c/5d/083181bdec4ec92a431c1291d3fff65eef3ded630a4b55eb735000ef5f3b/ruff-0.8.0-py3-none-manylinux_2_17_x86_64.manylinux2014_x86_64.whl", hash = "sha256:87a8e86bae0dbd749c815211ca11e3a7bd559b9710746c559ed63106d382bd9c", size = 11138488 },
    { url = "https://files.pythonhosted.org/packages/b7/23/c12cdef58413cee2436d6a177aa06f7a366ebbca916cf10820706f632459/ruff-0.8.0-py3-none-musllinux_1_2_aarch64.whl", hash = "sha256:85e654f0ded7befe2d61eeaf3d3b1e4ef3894469cd664ffa85006c7720f1e4a2", size = 10744474 },
    { url = "https://files.pythonhosted.org/packages/29/61/a12f3b81520083cd7c5caa24ba61bb99fd1060256482eff0ef04cc5ccd1b/ruff-0.8.0-py3-none-musllinux_1_2_armv7l.whl", hash = "sha256:83a55679c4cb449fa527b8497cadf54f076603cc36779b2170b24f704171ce70", size = 10369029 },
    { url = "https://files.pythonhosted.org/packages/08/2a/c013f4f3e4a54596c369cee74c24870ed1d534f31a35504908b1fc97017a/ruff-0.8.0-py3-none-musllinux_1_2_i686.whl", hash = "sha256:812e2052121634cf13cd6fddf0c1871d0ead1aad40a1a258753c04c18bb71bbd", size = 10867481 },
    { url = "https://files.pythonhosted.org/packages/d5/f7/685b1e1d42a3e94ceb25eab23c70bdd8c0ab66a43121ef83fe6db5a58756/ruff-0.8.0-py3-none-musllinux_1_2_x86_64.whl", hash = "sha256:780d5d8523c04202184405e60c98d7595bdb498c3c6abba3b6d4cdf2ca2af426", size = 11237117 },
    { url = "https://files.pythonhosted.org/packages/03/20/401132c0908e8837625e3b7e32df9962e7cd681a4df1e16a10e2a5b4ecda/ruff-0.8.0-py3-none-win32.whl", hash = "sha256:5fdb6efecc3eb60bba5819679466471fd7d13c53487df7248d6e27146e985468", size = 8783511 },
    { url = "https://files.pythonhosted.org/packages/1d/5c/4d800fca7854f62ad77f2c0d99b4b585f03e2d87a6ec1ecea85543a14a3c/ruff-0.8.0-py3-none-win_amd64.whl", hash = "sha256:582891c57b96228d146725975fbb942e1f30a0c4ba19722e692ca3eb25cc9b4f", size = 9559876 },
    { url = "https://files.pythonhosted.org/packages/5b/bc/cc8a6a5ca4960b226dc15dd8fb511dd11f2014ff89d325c0b9b9faa9871f/ruff-0.8.0-py3-none-win_arm64.whl", hash = "sha256:ba93e6294e9a737cd726b74b09a6972e36bb511f9a102f1d9a7e1ce94dd206a6", size = 8939733 },
]

[[package]]
name = "taplo"
version = "0.9.3"
source = { registry = "https://pypi.org/simple" }
sdist = { url = "https://files.pythonhosted.org/packages/71/79/513513960377e1212a28446acb323cf77dfce162e825a822f035b02a422d/taplo-0.9.3.tar.gz", hash = "sha256:6b73b45b9adbd20189d8981ac9055d5465227c58bbe1b0646a7588a1a5c07a1a", size = 102556 }
wheels = [
    { url = "https://files.pythonhosted.org/packages/61/42/a93c18ebb7cf3ee2a7a30dd2fda654aca458956c3b64bdfb9d82b2c42679/taplo-0.9.3-py3-none-macosx_10_12_x86_64.whl", hash = "sha256:1c3db689406d538420c64aa779ac8694cf44c13a46e158d6df406de65980b9c7", size = 4248497 },
    { url = "https://files.pythonhosted.org/packages/82/d2/f5b6e4a4f474f9fe613b5b91012520c3f62e46748a6ce9fd61fc2fb52fa2/taplo-0.9.3-py3-none-macosx_11_0_arm64.whl", hash = "sha256:1e7782f33f97e7aa658d18788748bce5cf3ce440eeb419cf5861cf542740e610", size = 4044421 },
    { url = "https://files.pythonhosted.org/packages/7d/32/4ac46ff15bb9d060f50ad31fb3a80aa8ee1e6ca500104ca8569f6fbdee3d/taplo-0.9.3-py3-none-manylinux_2_17_i686.manylinux2014_i686.whl", hash = "sha256:29d4d7abfcc10bd536e5a43fe6ec2c1931507c1433e79df03ea22e1030611cb6", size = 4334420 },
    { url = "https://files.pythonhosted.org/packages/ef/cc/656aed22a59cf4c50dcaaa66aaa570d4a1412acdd8ea429120a6bb00f336/taplo-0.9.3-py3-none-manylinux_2_17_x86_64.manylinux2014_x86_64.whl", hash = "sha256:33f12648f273478d7330cb3529c82f48f388501e1122e0bea78bce5ff5972b8b", size = 4468935 },
    { url = "https://files.pythonhosted.org/packages/21/15/d8db1db6382b444122fa1a66fe5fe0dd5b04bfbe68c74bdb5345aec11eb2/taplo-0.9.3-py3-none-win32.whl", hash = "sha256:9ab7df76a3facc6d0dd2fe2dae3e8eb52fa458d31d27878d5eac14f5cbc0abac", size = 3482612 },
    { url = "https://files.pythonhosted.org/packages/42/3c/df6641d7e2e84a6dd4de3b3a4426db7f6a7270c05bbdeadd523645c9c45f/taplo-0.9.3-py3-none-win_amd64.whl", hash = "sha256:7d80b630b93fb43cee99d1e1ee07b616236dc5615efaf7cd51074b4cffc33bab", size = 3985843 },
]

[[package]]
name = "typos"
version = "1.27.3"
source = { registry = "https://pypi.org/simple" }
sdist = { url = "https://files.pythonhosted.org/packages/19/93/a26a423fa5d9feaee0f10f1b5ed5ba1629a9cbf311e56498033ec7732441/typos-1.27.3.tar.gz", hash = "sha256:971948dcb8658ca54a9540eeb3e98e70fde0567be270211ea777e6a48f097a0d", size = 1121142 }
wheels = [
    { url = "https://files.pythonhosted.org/packages/71/c7/c7fd35cacd427248cc22469d34a116a4b10d2fe8f10dfb17b0478f4f6896/typos-1.27.3-py3-none-macosx_10_12_x86_64.whl", hash = "sha256:baded84708fb2a26af211f5b3b254cac57fafec00d08b5a0e6fef028265207de", size = 3004823 },
    { url = "https://files.pythonhosted.org/packages/bf/17/3285b1bc6484a453bddad48fedd07a74d7caa0d8404ba0d0ead01c4b7585/typos-1.27.3-py3-none-macosx_11_0_arm64.whl", hash = "sha256:04b065ee1e543d93dbee0fd9983aecc6510eee13864127782965e6ba9f117af2", size = 2907620 },
    { url = "https://files.pythonhosted.org/packages/ed/51/8ec8b4c3ecb5616c25865f3e75f77b979ee320455bcd7ae22928ec10791b/typos-1.27.3-py3-none-manylinux_2_17_aarch64.manylinux2014_aarch64.whl", hash = "sha256:a0adb86304e661e5e1a19f3cf5a7b45e424213373d548c71b7b066ba3bc50fce", size = 4309062 },
    { url = "https://files.pythonhosted.org/packages/a8/fd/48bcfd63bafd17b7c87215dd45e2feb539f75bdc80038951ca1274740556/typos-1.27.3-py3-none-manylinux_2_17_i686.manylinux2014_i686.whl", hash = "sha256:c45235fdd7a3feef0e9760e1ecb3a1decb59daa16bbb8b66e1eba42cf6db001e", size = 3379419 },
    { url = "https://files.pythonhosted.org/packages/5d/a1/2fae2db480b9a5066dec7e07d8dc7ae4d89da0b037b39bfd18419d84e234/typos-1.27.3-py3-none-manylinux_2_17_x86_64.manylinux2014_x86_64.whl", hash = "sha256:cbdf22be5af91a6c7e6861d39e2ade680995d8ae8d8a0d2926a176da02dbd953", size = 4093355 },
    { url = "https://files.pythonhosted.org/packages/ca/6e/0bdf03999a7e966ca93f559ff3987bf7ac6906b588fa80764b7565a57029/typos-1.27.3-py3-none-musllinux_1_2_aarch64.whl", hash = "sha256:cb6e7358da27be68fdd668f8cce15e5528349914384935fbfc321973764f493a", size = 3912093 },
    { url = "https://files.pythonhosted.org/packages/b6/c8/4d4fc0785f489b811824da905905bc10d4f5ae95cdc384cda1c41f9b8730/typos-1.27.3-py3-none-musllinux_1_2_x86_64.whl", hash = "sha256:360faa9967ca60685f403db564005117223cae7611325202f6c7c5cdd9dae57c", size = 4096772 },
    { url = "https://files.pythonhosted.org/packages/3f/ef/9ac8bd186ecb304e5e43d4000dee362d3eb637f1215abbd2fa79155149c9/typos-1.27.3-py3-none-win32.whl", hash = "sha256:f48ab60939701ca4cb5749fea9654184a6bdb6a80a715f7bf7894bd434983ee8", size = 2431969 },
    { url = "https://files.pythonhosted.org/packages/9a/40/61626f683fabb0778553ee5e5d489c48c820064c3470389251e79fa64f81/typos-1.27.3-py3-none-win_amd64.whl", hash = "sha256:29cda6c1d3e68f419ee31b60f23e4c66bfa3be9e30e5df72df24566289da2852", size = 2562657 },
]
